
Microsoft Visual Studio Solution File, Format Version 12.00
# Visual Studio Version 17
VisualStudioVersion = 17.12.35506.116
MinimumVisualStudioVersion = 10.0.40219.1
Project("{2150E333-8FDC-42A3-9474-1A3956D46DE8}") = "Services", "Services", "{355EB2EC-124E-493D-8742-F51C99B113B7}"
EndProject
Project("{2150E333-8FDC-42A3-9474-1A3956D46DE8}") = "Catalog", "Catalog", "{BE642AA0-686F-4D15-9B92-55065D732857}"
EndProject
Project("{FAE04EC0-301F-11D3-BF4B-00C04F79EFBC}") = "Catalog.API", "Services\Catalog\Catalog.API\Catalog.API.csproj", "{93FB1D3A-F233-48A4-96A5-3DB121F295C9}"
EndProject
Project("{2150E333-8FDC-42A3-9474-1A3956D46DE8}") = "BuildingBlocks", "BuildingBlocks", "{D983A2FA-42A6-420A-896B-6D464C2A302B}"
EndProject
Project("{FAE04EC0-301F-11D3-BF4B-00C04F79EFBC}") = "BuildingBlocks", "BuildingBlocks\BuildingBlocks\BuildingBlocks.csproj", "{E1238A65-1666-436C-B6B7-42FDFEFD8CEC}"
EndProject
Project("{E53339B2-1760-4266-BCC7-CA923CBCF16C}") = "docker-compose", "docker-compose.dcproj", "{C40CF8F2-2C00-40C5-B61E-1EDAAD25C9EC}"
EndProject
Project("{2150E333-8FDC-42A3-9474-1A3956D46DE8}") = "Basket", "Basket", "{9DE0969C-B9B3-4258-8D22-EC37A84DE86F}"
EndProject
Project("{FAE04EC0-301F-11D3-BF4B-00C04F79EFBC}") = "Basket.API", "Services\Basket\Basket.API\Basket.API.csproj", "{13EEC5BB-8975-45B9-AED5-61D4525EA760}"
EndProject
Project("{2150E333-8FDC-42A3-9474-1A3956D46DE8}") = "Ordering", "Ordering", "{3A1C6D46-AA56-4A77-AB32-AAB51632E5B5}"
EndProject
Project("{2150E333-8FDC-42A3-9474-1A3956D46DE8}") = "Discount", "Discount", "{7BDC40F6-D62E-4AA1-A845-F96454B91DAE}"
EndProject
Project("{FAE04EC0-301F-11D3-BF4B-00C04F79EFBC}") = "Discount.Grpc", "Services\Discount\Discount.Grpc\Discount.Grpc.csproj", "{D8D45B99-391C-4C46-809F-F62CA748DBB3}"
EndProject
Project("{FAE04EC0-301F-11D3-BF4B-00C04F79EFBC}") = "Ordering.API", "Services\Ordering\Ordering.API\Ordering.API.csproj", "{338F8BEC-BF46-4873-AD31-AC8FD1E00065}"
EndProject
Project("{FAE04EC0-301F-11D3-BF4B-00C04F79EFBC}") = "Ordering.Domain", "Services\Ordering\Ordering.Domain\Ordering.Domain.csproj", "{47F72739-58CE-44A7-95FD-C516AB8C8F3D}"
EndProject
Project("{FAE04EC0-301F-11D3-BF4B-00C04F79EFBC}") = "Ordering.Infrastructure", "Services\Ordering\Ordering.Infrastructure\Ordering.Infrastructure.csproj", "{F81FF8D2-14E6-4ED8-86DE-8C65973F91B7}"
EndProject
Project("{FAE04EC0-301F-11D3-BF4B-00C04F79EFBC}") = "Ordering.Application", "Services\Ordering\Ordering.Application\Ordering.Application.csproj", "{C38D1055-A910-481E-8404-E3DDF1223D26}"
EndProject
Project("{FAE04EC0-301F-11D3-BF4B-00C04F79EFBC}") = "BuildingBlocks.Messaging", "BuildingBlocks\BuildingBlocks.Messaging\BuildingBlocks.Messaging.csproj", "{3AB7E41F-B3B4-4E65-9481-42ECDB872E31}"
EndProject
Global
	GlobalSection(SolutionConfigurationPlatforms) = preSolution
		Debug|Any CPU = Debug|Any CPU
		Release|Any CPU = Release|Any CPU
	EndGlobalSection
	GlobalSection(ProjectConfigurationPlatforms) = postSolution
		{93FB1D3A-F233-48A4-96A5-3DB121F295C9}.Debug|Any CPU.ActiveCfg = Debug|Any CPU
		{93FB1D3A-F233-48A4-96A5-3DB121F295C9}.Debug|Any CPU.Build.0 = Debug|Any CPU
		{93FB1D3A-F233-48A4-96A5-3DB121F295C9}.Release|Any CPU.ActiveCfg = Release|Any CPU
		{93FB1D3A-F233-48A4-96A5-3DB121F295C9}.Release|Any CPU.Build.0 = Release|Any CPU
		{E1238A65-1666-436C-B6B7-42FDFEFD8CEC}.Debug|Any CPU.ActiveCfg = Debug|Any CPU
		{E1238A65-1666-436C-B6B7-42FDFEFD8CEC}.Debug|Any CPU.Build.0 = Debug|Any CPU
		{E1238A65-1666-436C-B6B7-42FDFEFD8CEC}.Release|Any CPU.ActiveCfg = Release|Any CPU
		{E1238A65-1666-436C-B6B7-42FDFEFD8CEC}.Release|Any CPU.Build.0 = Release|Any CPU
		{C40CF8F2-2C00-40C5-B61E-1EDAAD25C9EC}.Debug|Any CPU.ActiveCfg = Debug|Any CPU
		{C40CF8F2-2C00-40C5-B61E-1EDAAD25C9EC}.Debug|Any CPU.Build.0 = Debug|Any CPU
		{C40CF8F2-2C00-40C5-B61E-1EDAAD25C9EC}.Release|Any CPU.ActiveCfg = Release|Any CPU
		{C40CF8F2-2C00-40C5-B61E-1EDAAD25C9EC}.Release|Any CPU.Build.0 = Release|Any CPU
		{13EEC5BB-8975-45B9-AED5-61D4525EA760}.Debug|Any CPU.ActiveCfg = Debug|Any CPU
		{13EEC5BB-8975-45B9-AED5-61D4525EA760}.Debug|Any CPU.Build.0 = Debug|Any CPU
		{13EEC5BB-8975-45B9-AED5-61D4525EA760}.Release|Any CPU.ActiveCfg = Release|Any CPU
		{13EEC5BB-8975-45B9-AED5-61D4525EA760}.Release|Any CPU.Build.0 = Release|Any CPU
		{D8D45B99-391C-4C46-809F-F62CA748DBB3}.Debug|Any CPU.ActiveCfg = Debug|Any CPU
		{D8D45B99-391C-4C46-809F-F62CA748DBB3}.Debug|Any CPU.Build.0 = Debug|Any CPU
		{D8D45B99-391C-4C46-809F-F62CA748DBB3}.Release|Any CPU.ActiveCfg = Release|Any CPU
		{D8D45B99-391C-4C46-809F-F62CA748DBB3}.Release|Any CPU.Build.0 = Release|Any CPU
		{338F8BEC-BF46-4873-AD31-AC8FD1E00065}.Debug|Any CPU.ActiveCfg = Debug|Any CPU
		{338F8BEC-BF46-4873-AD31-AC8FD1E00065}.Debug|Any CPU.Build.0 = Debug|Any CPU
		{338F8BEC-BF46-4873-AD31-AC8FD1E00065}.Release|Any CPU.ActiveCfg = Release|Any CPU
		{338F8BEC-BF46-4873-AD31-AC8FD1E00065}.Release|Any CPU.Build.0 = Release|Any CPU
		{47F72739-58CE-44A7-95FD-C516AB8C8F3D}.Debug|Any CPU.ActiveCfg = Debug|Any CPU
		{47F72739-58CE-44A7-95FD-C516AB8C8F3D}.Debug|Any CPU.Build.0 = Debug|Any CPU
		{47F72739-58CE-44A7-95FD-C516AB8C8F3D}.Release|Any CPU.ActiveCfg = Release|Any CPU
		{47F72739-58CE-44A7-95FD-C516AB8C8F3D}.Release|Any CPU.Build.0 = Release|Any CPU
		{F81FF8D2-14E6-4ED8-86DE-8C65973F91B7}.Debug|Any CPU.ActiveCfg = Debug|Any CPU
		{F81FF8D2-14E6-4ED8-86DE-8C65973F91B7}.Debug|Any CPU.Build.0 = Debug|Any CPU
		{F81FF8D2-14E6-4ED8-86DE-8C65973F91B7}.Release|Any CPU.ActiveCfg = Release|Any CPU
		{F81FF8D2-14E6-4ED8-86DE-8C65973F91B7}.Release|Any CPU.Build.0 = Release|Any CPU
		{C38D1055-A910-481E-8404-E3DDF1223D26}.Debug|Any CPU.ActiveCfg = Debug|Any CPU
		{C38D1055-A910-481E-8404-E3DDF1223D26}.Debug|Any CPU.Build.0 = Debug|Any CPU
		{C38D1055-A910-481E-8404-E3DDF1223D26}.Release|Any CPU.ActiveCfg = Release|Any CPU
		{C38D1055-A910-481E-8404-E3DDF1223D26}.Release|Any CPU.Build.0 = Release|Any CPU
		{3AB7E41F-B3B4-4E65-9481-42ECDB872E31}.Debug|Any CPU.ActiveCfg = Debug|Any CPU
		{3AB7E41F-B3B4-4E65-9481-42ECDB872E31}.Debug|Any CPU.Build.0 = Debug|Any CPU
		{3AB7E41F-B3B4-4E65-9481-42ECDB872E31}.Release|Any CPU.ActiveCfg = Release|Any CPU
		{3AB7E41F-B3B4-4E65-9481-42ECDB872E31}.Release|Any CPU.Build.0 = Release|Any CPU
	EndGlobalSection
	GlobalSection(SolutionProperties) = preSolution
		HideSolutionNode = FALSE
	EndGlobalSection
	GlobalSection(NestedProjects) = preSolution
		{BE642AA0-686F-4D15-9B92-55065D732857} = {355EB2EC-124E-493D-8742-F51C99B113B7}
		{93FB1D3A-F233-48A4-96A5-3DB121F295C9} = {BE642AA0-686F-4D15-9B92-55065D732857}
		{E1238A65-1666-436C-B6B7-42FDFEFD8CEC} = {D983A2FA-42A6-420A-896B-6D464C2A302B}
		{9DE0969C-B9B3-4258-8D22-EC37A84DE86F} = {355EB2EC-124E-493D-8742-F51C99B113B7}
		{13EEC5BB-8975-45B9-AED5-61D4525EA760} = {9DE0969C-B9B3-4258-8D22-EC37A84DE86F}
		{3A1C6D46-AA56-4A77-AB32-AAB51632E5B5} = {355EB2EC-124E-493D-8742-F51C99B113B7}
		{7BDC40F6-D62E-4AA1-A845-F96454B91DAE} = {355EB2EC-124E-493D-8742-F51C99B113B7}
		{D8D45B99-391C-4C46-809F-F62CA748DBB3} = {7BDC40F6-D62E-4AA1-A845-F96454B91DAE}
		{338F8BEC-BF46-4873-AD31-AC8FD1E00065} = {3A1C6D46-AA56-4A77-AB32-AAB51632E5B5}
		{47F72739-58CE-44A7-95FD-C516AB8C8F3D} = {3A1C6D46-AA56-4A77-AB32-AAB51632E5B5}
		{F81FF8D2-14E6-4ED8-86DE-8C65973F91B7} = {3A1C6D46-AA56-4A77-AB32-AAB51632E5B5}
		{C38D1055-A910-481E-8404-E3DDF1223D26} = {3A1C6D46-AA56-4A77-AB32-AAB51632E5B5}
		{3AB7E41F-B3B4-4E65-9481-42ECDB872E31} = {D983A2FA-42A6-420A-896B-6D464C2A302B}
	EndGlobalSection
EndGlobal
